// !$*UTF8*$!
{
	archiveVersion = 1;
	classes = {
	};
	objectVersion = 46;
	objects = {

/* Begin PBXBuildFile section */
		322D88D21B35A09500F96047 /* main.cpp in Sources */ = {isa = PBXBuildFile; fileRef = 322D88D11B35A09500F96047 /* main.cpp */; };
		32BB51401C0201BC000570EB /* BST.cpp in Sources */ = {isa = PBXBuildFile; fileRef = 32BB513C1C0201BC000570EB /* BST.cpp */; };
		32BB51411C0201BC000570EB /* LLandHT.cpp in Sources */ = {isa = PBXBuildFile; fileRef = 32BB513E1C0201BC000570EB /* LLandHT.cpp */; };
/* End PBXBuildFile section */

/* Begin PBXCopyFilesBuildPhase section */
		322D88CC1B35A09500F96047 /* CopyFiles */ = {
			isa = PBXCopyFilesBuildPhase;
			buildActionMask = 2147483647;
			dstPath = /usr/share/man/man1/;
			dstSubfolderSpec = 0;
			files = (
			);
			runOnlyForDeploymentPostprocessing = 1;
		};
/* End PBXCopyFilesBuildPhase section */

/* Begin PBXFileReference section */
		322D88CE1B35A09500F96047 /* algorithm */ = {isa = PBXFileReference; explicitFileType = "compiled.mach-o.executable"; includeInIndex = 0; path = algorithm; sourceTree = BUILT_PRODUCTS_DIR; };
		322D88D11B35A09500F96047 /* main.cpp */ = {isa = PBXFileReference; lastKnownFileType = sourcecode.cpp.cpp; path = main.cpp; sourceTree = "<group>"; };
		322D88D81B35A78100F96047 /* main.h */ = {isa = PBXFileReference; fileEncoding = 4; lastKnownFileType = sourcecode.c.h; path = main.h; sourceTree = "<group>"; };
		32BB513C1C0201BC000570EB /* BST.cpp */ = {isa = PBXFileReference; fileEncoding = 4; lastKnownFileType = sourcecode.cpp.cpp; path = BST.cpp; sourceTree = "<group>"; };
		32BB513D1C0201BC000570EB /* BST.h */ = {isa = PBXFileReference; fileEncoding = 4; lastKnownFileType = sourcecode.c.h; path = BST.h; sourceTree = "<group>"; };
		32BB513E1C0201BC000570EB /* LLandHT.cpp */ = {isa = PBXFileReference; fileEncoding = 4; lastKnownFileType = sourcecode.cpp.cpp; path = LLandHT.cpp; sourceTree = "<group>"; };
		32BB513F1C0201BC000570EB /* LLandHT.h */ = {isa = PBXFileReference; fileEncoding = 4; lastKnownFileType = sourcecode.c.h; path = LLandHT.h; sourceTree = "<group>"; };
/* End PBXFileReference section */

/* Begin PBXFrameworksBuildPhase section */
		322D88CB1B35A09500F96047 /* Frameworks */ = {
			isa = PBXFrameworksBuildPhase;
			buildActionMask = 2147483647;
			files = (
			);
			runOnlyForDeploymentPostprocessing = 0;
		};
/* End PBXFrameworksBuildPhase section */

/* Begin PBXGroup section */
		322D88C51B35A09500F96047 = {
			isa = PBXGroup;
			children = (
				322D88D01B35A09500F96047 /* algorithm */,
				322D88CF1B35A09500F96047 /* Products */,
			);
			sourceTree = "<group>";
		};
		322D88CF1B35A09500F96047 /* Products */ = {
			isa = PBXGroup;
			children = (
				322D88CE1B35A09500F96047 /* algorithm */,
			);
			name = Products;
			sourceTree = "<group>";
		};
		322D88D01B35A09500F96047 /* algorithm */ = {
			isa = PBXGroup;
			children = (
				32BB513C1C0201BC000570EB /* BST.cpp */,
				32BB513D1C0201BC000570EB /* BST.h */,
				32BB513E1C0201BC000570EB /* LLandHT.cpp */,
				32BB513F1C0201BC000570EB /* LLandHT.h */,
				322D88D81B35A78100F96047 /* main.h */,
				322D88D11B35A09500F96047 /* main.cpp */,
			);
			path = algorithm;
			sourceTree = "<group>";
		};
/* End PBXGroup section */

/* Begin PBXNativeTarget section */
		322D88CD1B35A09500F96047 /* algorithm */ = {
			isa = PBXNativeTarget;
			buildConfigurationList = 322D88D51B35A09500F96047 /* Build configuration list for PBXNativeTarget "algorithm" */;
			buildPhases = (
				322D88CA1B35A09500F96047 /* Sources */,
				322D88CB1B35A09500F96047 /* Frameworks */,
				322D88CC1B35A09500F96047 /* CopyFiles */,
			);
			buildRules = (
			);
			dependencies = (
			);
			name = algorithm;
			productName = algorithm;
			productReference = 322D88CE1B35A09500F96047 /* algorithm */;
			productType = "com.apple.product-type.tool";
		};
/* End PBXNativeTarget section */

/* Begin PBXProject section */
		322D88C61B35A09500F96047 /* Project object */ = {
			isa = PBXProject;
			attributes = {
				LastUpgradeCheck = 0630;
				ORGANIZATIONNAME = Carnival;
				TargetAttributes = {
					322D88CD1B35A09500F96047 = {
						CreatedOnToolsVersion = 6.3.2;
					};
				};
			};
			buildConfigurationList = 322D88C91B35A09500F96047 /* Build configuration list for PBXProject "algorithm" */;
			compatibilityVersion = "Xcode 3.2";
			developmentRegion = English;
			hasScannedForEncodings = 0;
			knownRegions = (
				en,
			);
			mainGroup = 322D88C51B35A09500F96047;
			productRefGroup = 322D88CF1B35A09500F96047 /* Products */;
			projectDirPath = "";
			projectRoot = "";
			targets = (
				322D88CD1B35A09500F96047 /* algorithm */,
			);
		};
/* End PBXProject section */

/* Begin PBXSourcesBuildPhase section */
		322D88CA1B35A09500F96047 /* Sources */ = {
			isa = PBXSourcesBuildPhase;
			buildActionMask = 2147483647;
			files = (
				32BB51401C0201BC000570EB /* BST.cpp in Sources */,
				322D88D21B35A09500F96047 /* main.cpp in Sources */,
				32BB51411C0201BC000570EB /* LLandHT.cpp in Sources */,
			);
			runOnlyForDeploymentPostprocessing = 0;
		};
/* End PBXSourcesBuildPhase section */

/* Begin XCBuildConfiguration section */
		322D88D31B35A09500F96047 /* Debug */ = {
			isa = XCBuildConfiguration;
			buildSettings = {
				ALWAYS_SEARCH_USER_PATHS = NO;
				CLANG_CXX_LANGUAGE_STANDARD = "gnu++0x";
				CLANG_CXX_LIBRARY = "libc++";
				CLANG_ENABLE_MODULES = YES;
				CLANG_ENABLE_OBJC_ARC = YES;
				CLANG_WARN_BOOL_CONVERSION = YES;
				CLANG_WARN_CONSTANT_CONVERSION = YES;
				CLANG_WARN_DIRECT_OBJC_ISA_USAGE = YES_ERROR;
				CLANG_WARN_EMPTY_BODY = YES;
				CLANG_WARN_ENUM_CONVERSION = YES;
				CLANG_WARN_INT_CONVERSION = YES;
				CLANG_WARN_OBJC_ROOT_CLASS = YES_ERROR;
				CLANG_WARN_UNREACHABLE_CODE = YES;
				CLANG_WARN__DUPLICATE_METHOD_MATCH = YES;
				COPY_PHASE_STRIP = NO;
				DEBUG_INFORMATION_FORMAT = dwarf;
				ENABLE_STRICT_OBJC_MSGSEND = YES;
				GCC_C_LANGUAGE_STANDARD = gnu99;
				GCC_DYNAMIC_NO_PIC = NO;
				GCC_NO_COMMON_BLOCKS = YES;
				GCC_OPTIMIZATION_LEVEL = 0;
				GCC_PREPROCESSOR_DEFINITIONS = (
					"DEBUG=1",
					"$(inherited)",
				);
				GCC_SYMBOLS_PRIVATE_EXTERN = NO;
				GCC_WARN_64_TO_32_BIT_CONVERSION = YES;
				GCC_WARN_ABOUT_RETURN_TYPE = YES_ERROR;
				GCC_WARN_UNDECLARED_SELECTOR = YES;
				GCC_WARN_UNINITIALIZED_AUTOS = YES_AGGRESSIVE;
				GCC_WARN_UNUSED_FUNCTION = YES;
				GCC_WARN_UNUSED_VARIABLE = YES;
				MACOSX_DEPLOYMENT_TARGET = 10.10;
				MTL_ENABLE_DEBUG_INFO = YES;
				ONLY_ACTIVE_ARCH = YES;
				SDKROOT = macosx;
			};
			name = Debug;
		};
		322D88D41B35A09500F96047 /* Release */ = {
			isa = XCBuildConfiguration;
			buildSettings = {
				ALWAYS_SEARCH_USER_PATHS = NO;
				CLANG_CXX_LANGUAGE_STANDARD = "gnu++0x";
				CLANG_CXX_LIBRARY = "libc++";
				CLANG_ENABLE_MODULES = YES;
				CLANG_ENABLE_OBJC_ARC = YES;
				CLANG_WARN_BOOL_CONVERSION = YES;
				CLANG_WARN_CONSTANT_CONVERSION = YES;
				CLANG_WARN_DIRECT_OBJC_ISA_USAGE = YES_ERROR;
				CLANG_WARN_EMPTY_BODY = YES;
				CLANG_WARN_ENUM_CONVERSION = YES;
				CLANG_WARN_INT_CONVERSION = YES;
				CLANG_WARN_OBJC_ROOT_CLASS = YES_ERROR;
				CLANG_WARN_UNREACHABLE_CODE = YES;
				CLANG_WARN__DUPLICATE_METHOD_MATCH = YES;
				COPY_PHASE_STRIP = NO;
				DEBUG_INFORMATION_FORMAT = "dwarf-with-dsym";
				ENABLE_NS_ASSERTIONS = NO;
				ENABLE_STRICT_OBJC_MSGSEND = YES;
				GCC_C_LANGUAGE_STANDARD = gnu99;
				GCC_NO_COMMON_BLOCKS = YES;
				GCC_WARN_64_TO_32_BIT_CONVERSION = YES;
				GCC_WARN_ABOUT_RETURN_TYPE = YES_ERROR;
				GCC_WARN_UNDECLARED_SELECTOR = YES;
				GCC_WARN_UNINITIALIZED_AUTOS = YES_AGGRESSIVE;
				GCC_WARN_UNUSED_FUNCTION = YES;
				GCC_WARN_UNUSED_VARIABLE = YES;
				MACOSX_DEPLOYMENT_TARGET = 10.10;
				MTL_ENABLE_DEBUG_INFO = NO;
				SDKROOT = macosx;
			};
			name = Release;
		};
		322D88D61B35A09500F96047 /* Debug */ = {
			isa = XCBuildConfiguration;
			buildSettings = {
				PRODUCT_NAME = "$(TARGET_NAME)";
			};
			name = Debug;
		};
		322D88D71B35A09500F96047 /* Release */ = {
			isa = XCBuildConfiguration;
			buildSettings = {
				PRODUCT_NAME = "$(TARGET_NAME)";
			};
			name = Release;
		};
/* End XCBuildConfiguration section */

/* Begin XCConfigurationList section */
		322D88C91B35A09500F96047 /* Build configuration list for PBXProject "algorithm" */ = {
			isa = XCConfigurationList;
			buildConfigurations = (
				322D88D31B35A09500F96047 /* Debug */,
				322D88D41B35A09500F96047 /* Release */,
			);
			defaultConfigurationIsVisible = 0;
			defaultConfigurationName = Release;
		};
		322D88D51B35A09500F96047 /* Build configuration list for PBXNativeTarget "algorithm" */ = {
			isa = XCConfigurationList;
			buildConfigurations = (
				322D88D61B35A09500F96047 /* Debug */,
				322D88D71B35A09500F96047 /* Release */,
			);
			defaultConfigurationIsVisible = 0;
			defaultConfigurationName = Release;
		};
/* End XCConfigurationList section */
	};
	rootObject = 322D88C61B35A09500F96047 /* Project object */;
}
